// !$*UTF8*$!
{
	archiveVersion = 1;
	classes = {
	};
	objectVersion = 48;
	objects = {

/* Begin PBXBuildFile section */
		0D222DE927487A9C009DBE80 /* TableViewControllerReviews.m in Sources */ = {isa = PBXBuildFile; fileRef = 0D222DE827487A9C009DBE80 /* TableViewControllerReviews.m */; };
		0D35E2F22747819300B91117 /* ViewController_SIgn_In.m in Sources */ = {isa = PBXBuildFile; fileRef = 0D35E2F12747819300B91117 /* ViewController_SIgn_In.m */; };
		0D35E2F52747823D00B91117 /* ViewController_Home_Menu.m in Sources */ = {isa = PBXBuildFile; fileRef = 0D35E2F42747823D00B91117 /* ViewController_Home_Menu.m */; };
		0D35E2F82747828E00B91117 /* ViewController_Volume_Calculator.m in Sources */ = {isa = PBXBuildFile; fileRef = 0D35E2F72747828E00B91117 /* ViewController_Volume_Calculator.m */; };
		0D35E2FB274782E100B91117 /* ViewController_Create_New.m in Sources */ = {isa = PBXBuildFile; fileRef = 0D35E2FA274782E100B91117 /* ViewController_Create_New.m */; };
		0D35E2FE2747851B00B91117 /* TableViewController_My_boards.m in Sources */ = {isa = PBXBuildFile; fileRef = 0D35E2FD2747851B00B91117 /* TableViewController_My_boards.m */; };
		0D35E301274785A000B91117 /* ViewController_Update_Boards.m in Sources */ = {isa = PBXBuildFile; fileRef = 0D35E300274785A000B91117 /* ViewController_Update_Boards.m */; };
		0D35E3042747865700B91117 /* ViewController_Review.m in Sources */ = {isa = PBXBuildFile; fileRef = 0D35E3032747865700B91117 /* ViewController_Review.m */; };
		0DE947C2274352CA001FE618 /* AppDelegate.m in Sources */ = {isa = PBXBuildFile; fileRef = 0DE947C1274352CA001FE618 /* AppDelegate.m */; };
		0DE947C5274352CA001FE618 /* ViewController.m in Sources */ = {isa = PBXBuildFile; fileRef = 0DE947C4274352CA001FE618 /* ViewController.m */; };
		0DE947C8274352CA001FE618 /* Main.storyboard in Resources */ = {isa = PBXBuildFile; fileRef = 0DE947C6274352CA001FE618 /* Main.storyboard */; };
		0DE947CA274352CA001FE618 /* Assets.xcassets in Resources */ = {isa = PBXBuildFile; fileRef = 0DE947C9274352CA001FE618 /* Assets.xcassets */; };
		0DE947CD274352CA001FE618 /* LaunchScreen.storyboard in Resources */ = {isa = PBXBuildFile; fileRef = 0DE947CB274352CA001FE618 /* LaunchScreen.storyboard */; };
		0DE947D0274352CA001FE618 /* main.m in Sources */ = {isa = PBXBuildFile; fileRef = 0DE947CF274352CA001FE618 /* main.m */; };
		0DE947DA274352CA001FE618 /* MySurfBoardsAppTests.m in Sources */ = {isa = PBXBuildFile; fileRef = 0DE947D9274352CA001FE618 /* MySurfBoardsAppTests.m */; };
		0DE947E5274352CB001FE618 /* MySurfBoardsAppUITests.m in Sources */ = {isa = PBXBuildFile; fileRef = 0DE947E4274352CB001FE618 /* MySurfBoardsAppUITests.m */; };
		3FF13427275F932200C235C5 /* GoogleService-Info.plist in Resources */ = {isa = PBXBuildFile; fileRef = 3FF13426275F932200C235C5 /* GoogleService-Info.plist */; };
		ADDF5DC304A7DF31F9689F7C /* Pods_MySurfBoardsApp.framework in Frameworks */ = {isa = PBXBuildFile; fileRef = 8993B339B49CD86C0829F199 /* Pods_MySurfBoardsApp.framework */; };
		D2A90BE448F8C1BD7632A6A0 /* Pods_MySurfBoardsAppTests.framework in Frameworks */ = {isa = PBXBuildFile; fileRef = 0AF9A1B46CC05EBC8B8EBFDF /* Pods_MySurfBoardsAppTests.framework */; };
		F39107D85E195DA7A130AFDF /* Pods_MySurfBoardsApp_MySurfBoardsAppUITests.framework in Frameworks */ = {isa = PBXBuildFile; fileRef = AF1AA4F1899BEDF4566BA3B7 /* Pods_MySurfBoardsApp_MySurfBoardsAppUITests.framework */; };
/* End PBXBuildFile section */

/* Begin PBXContainerItemProxy section */
		0DE947D6274352CA001FE618 /* PBXContainerItemProxy */ = {
			isa = PBXContainerItemProxy;
			containerPortal = 0DE947B5274352CA001FE618 /* Project object */;
			proxyType = 1;
			remoteGlobalIDString = 0DE947BC274352CA001FE618;
			remoteInfo = MySurfBoardsApp;
		};
		0DE947E1274352CB001FE618 /* PBXContainerItemProxy */ = {
			isa = PBXContainerItemProxy;
			containerPortal = 0DE947B5274352CA001FE618 /* Project object */;
			proxyType = 1;
			remoteGlobalIDString = 0DE947BC274352CA001FE618;
			remoteInfo = MySurfBoardsApp;
		};
/* End PBXContainerItemProxy section */

/* Begin PBXFileReference section */
		0AF9A1B46CC05EBC8B8EBFDF /* Pods_MySurfBoardsAppTests.framework */ = {isa = PBXFileReference; explicitFileType = wrapper.framework; includeInIndex = 0; path = Pods_MySurfBoardsAppTests.framework; sourceTree = BUILT_PRODUCTS_DIR; };
		0D222DE727487A9C009DBE80 /* TableViewControllerReviews.h */ = {isa = PBXFileReference; lastKnownFileType = sourcecode.c.h; path = TableViewControllerReviews.h; sourceTree = "<group>"; };
		0D222DE827487A9C009DBE80 /* TableViewControllerReviews.m */ = {isa = PBXFileReference; lastKnownFileType = sourcecode.c.objc; path = TableViewControllerReviews.m; sourceTree = "<group>"; };
		0D35E2F02747819300B91117 /* ViewController_SIgn_In.h */ = {isa = PBXFileReference; lastKnownFileType = sourcecode.c.h; path = ViewController_SIgn_In.h; sourceTree = "<group>"; };
		0D35E2F12747819300B91117 /* ViewController_SIgn_In.m */ = {isa = PBXFileReference; lastKnownFileType = sourcecode.c.objc; path = ViewController_SIgn_In.m; sourceTree = "<group>"; };
		0D35E2F32747823D00B91117 /* ViewController_Home_Menu.h */ = {isa = PBXFileReference; lastKnownFileType = sourcecode.c.h; path = ViewController_Home_Menu.h; sourceTree = "<group>"; };
		0D35E2F42747823D00B91117 /* ViewController_Home_Menu.m */ = {isa = PBXFileReference; lastKnownFileType = sourcecode.c.objc; path = ViewController_Home_Menu.m; sourceTree = "<group>"; };
		0D35E2F62747828E00B91117 /* ViewController_Volume_Calculator.h */ = {isa = PBXFileReference; lastKnownFileType = sourcecode.c.h; path = ViewController_Volume_Calculator.h; sourceTree = "<group>"; };
		0D35E2F72747828E00B91117 /* ViewController_Volume_Calculator.m */ = {isa = PBXFileReference; lastKnownFileType = sourcecode.c.objc; path = ViewController_Volume_Calculator.m; sourceTree = "<group>"; };
		0D35E2F9274782E100B91117 /* ViewController_Create_New.h */ = {isa = PBXFileReference; lastKnownFileType = sourcecode.c.h; path = ViewController_Create_New.h; sourceTree = "<group>"; };
		0D35E2FA274782E100B91117 /* ViewController_Create_New.m */ = {isa = PBXFileReference; lastKnownFileType = sourcecode.c.objc; path = ViewController_Create_New.m; sourceTree = "<group>"; };
		0D35E2FC2747851B00B91117 /* TableViewController_My_boards.h */ = {isa = PBXFileReference; lastKnownFileType = sourcecode.c.h; path = TableViewController_My_boards.h; sourceTree = "<group>"; };
		0D35E2FD2747851B00B91117 /* TableViewController_My_boards.m */ = {isa = PBXFileReference; lastKnownFileType = sourcecode.c.objc; path = TableViewController_My_boards.m; sourceTree = "<group>"; };
		0D35E2FF274785A000B91117 /* ViewController_Update_Boards.h */ = {isa = PBXFileReference; lastKnownFileType = sourcecode.c.h; path = ViewController_Update_Boards.h; sourceTree = "<group>"; };
		0D35E300274785A000B91117 /* ViewController_Update_Boards.m */ = {isa = PBXFileReference; lastKnownFileType = sourcecode.c.objc; path = ViewController_Update_Boards.m; sourceTree = "<group>"; };
		0D35E3022747865700B91117 /* ViewController_Review.h */ = {isa = PBXFileReference; lastKnownFileType = sourcecode.c.h; path = ViewController_Review.h; sourceTree = "<group>"; };
		0D35E3032747865700B91117 /* ViewController_Review.m */ = {isa = PBXFileReference; lastKnownFileType = sourcecode.c.objc; path = ViewController_Review.m; sourceTree = "<group>"; };
		0DE947BD274352CA001FE618 /* MySurfBoardsApp.app */ = {isa = PBXFileReference; explicitFileType = wrapper.application; includeInIndex = 0; path = MySurfBoardsApp.app; sourceTree = BUILT_PRODUCTS_DIR; };
		0DE947C0274352CA001FE618 /* AppDelegate.h */ = {isa = PBXFileReference; lastKnownFileType = sourcecode.c.h; path = AppDelegate.h; sourceTree = "<group>"; };
		0DE947C1274352CA001FE618 /* AppDelegate.m */ = {isa = PBXFileReference; lastKnownFileType = sourcecode.c.objc; path = AppDelegate.m; sourceTree = "<group>"; };
		0DE947C3274352CA001FE618 /* ViewController.h */ = {isa = PBXFileReference; lastKnownFileType = sourcecode.c.h; path = ViewController.h; sourceTree = "<group>"; };
		0DE947C4274352CA001FE618 /* ViewController.m */ = {isa = PBXFileReference; lastKnownFileType = sourcecode.c.objc; path = ViewController.m; sourceTree = "<group>"; };
		0DE947C7274352CA001FE618 /* Base */ = {isa = PBXFileReference; lastKnownFileType = file.storyboard; name = Base; path = Base.lproj/Main.storyboard; sourceTree = "<group>"; };
		0DE947C9274352CA001FE618 /* Assets.xcassets */ = {isa = PBXFileReference; lastKnownFileType = folder.assetcatalog; path = Assets.xcassets; sourceTree = "<group>"; };
		0DE947CC274352CA001FE618 /* Base */ = {isa = PBXFileReference; lastKnownFileType = file.storyboard; name = Base; path = Base.lproj/LaunchScreen.storyboard; sourceTree = "<group>"; };
		0DE947CE274352CA001FE618 /* Info.plist */ = {isa = PBXFileReference; lastKnownFileType = text.plist.xml; path = Info.plist; sourceTree = "<group>"; };
		0DE947CF274352CA001FE618 /* main.m */ = {isa = PBXFileReference; lastKnownFileType = sourcecode.c.objc; path = main.m; sourceTree = "<group>"; };
		0DE947D5274352CA001FE618 /* MySurfBoardsAppTests.xctest */ = {isa = PBXFileReference; explicitFileType = wrapper.cfbundle; includeInIndex = 0; path = MySurfBoardsAppTests.xctest; sourceTree = BUILT_PRODUCTS_DIR; };
		0DE947D9274352CA001FE618 /* MySurfBoardsAppTests.m */ = {isa = PBXFileReference; lastKnownFileType = sourcecode.c.objc; path = MySurfBoardsAppTests.m; sourceTree = "<group>"; };
		0DE947DB274352CA001FE618 /* Info.plist */ = {isa = PBXFileReference; lastKnownFileType = text.plist.xml; path = Info.plist; sourceTree = "<group>"; };
		0DE947E0274352CB001FE618 /* MySurfBoardsAppUITests.xctest */ = {isa = PBXFileReference; explicitFileType = wrapper.cfbundle; includeInIndex = 0; path = MySurfBoardsAppUITests.xctest; sourceTree = BUILT_PRODUCTS_DIR; };
		0DE947E4274352CB001FE618 /* MySurfBoardsAppUITests.m */ = {isa = PBXFileReference; lastKnownFileType = sourcecode.c.objc; path = MySurfBoardsAppUITests.m; sourceTree = "<group>"; };
		0DE947E6274352CB001FE618 /* Info.plist */ = {isa = PBXFileReference; lastKnownFileType = text.plist.xml; path = Info.plist; sourceTree = "<group>"; };
		1AB455C66AF97F998BFED320 /* Pods-MySurfBoardsAppTests.release.xcconfig */ = {isa = PBXFileReference; includeInIndex = 1; lastKnownFileType = text.xcconfig; name = "Pods-MySurfBoardsAppTests.release.xcconfig"; path = "Target Support Files/Pods-MySurfBoardsAppTests/Pods-MySurfBoardsAppTests.release.xcconfig"; sourceTree = "<group>"; };
		3FD53C51275CC62400D7D64B /* MySurfBoardsApp.entitlements */ = {isa = PBXFileReference; lastKnownFileType = text.plist.entitlements; path = MySurfBoardsApp.entitlements; sourceTree = "<group>"; };
		3FF13426275F932200C235C5 /* GoogleService-Info.plist */ = {isa = PBXFileReference; fileEncoding = 4; lastKnownFileType = text.plist.xml; name = "GoogleService-Info.plist"; path = "../../GoogleService-Info.plist"; sourceTree = "<group>"; };
		47527F1908EB4359BCA5D80C /* Pods-MySurfBoardsApp-MySurfBoardsAppUITests.debug.xcconfig */ = {isa = PBXFileReference; includeInIndex = 1; lastKnownFileType = text.xcconfig; name = "Pods-MySurfBoardsApp-MySurfBoardsAppUITests.debug.xcconfig"; path = "Target Support Files/Pods-MySurfBoardsApp-MySurfBoardsAppUITests/Pods-MySurfBoardsApp-MySurfBoardsAppUITests.debug.xcconfig"; sourceTree = "<group>"; };
		8993B339B49CD86C0829F199 /* Pods_MySurfBoardsApp.framework */ = {isa = PBXFileReference; explicitFileType = wrapper.framework; includeInIndex = 0; path = Pods_MySurfBoardsApp.framework; sourceTree = BUILT_PRODUCTS_DIR; };
		89BDB85760BDC7D188DE7032 /* Pods-MySurfBoardsApp.debug.xcconfig */ = {isa = PBXFileReference; includeInIndex = 1; lastKnownFileType = text.xcconfig; name = "Pods-MySurfBoardsApp.debug.xcconfig"; path = "Target Support Files/Pods-MySurfBoardsApp/Pods-MySurfBoardsApp.debug.xcconfig"; sourceTree = "<group>"; };
		A359A772A56615B75FE5F358 /* Pods-MySurfBoardsApp-MySurfBoardsAppUITests.release.xcconfig */ = {isa = PBXFileReference; includeInIndex = 1; lastKnownFileType = text.xcconfig; name = "Pods-MySurfBoardsApp-MySurfBoardsAppUITests.release.xcconfig"; path = "Target Support Files/Pods-MySurfBoardsApp-MySurfBoardsAppUITests/Pods-MySurfBoardsApp-MySurfBoardsAppUITests.release.xcconfig"; sourceTree = "<group>"; };
		AF1AA4F1899BEDF4566BA3B7 /* Pods_MySurfBoardsApp_MySurfBoardsAppUITests.framework */ = {isa = PBXFileReference; explicitFileType = wrapper.framework; includeInIndex = 0; path = Pods_MySurfBoardsApp_MySurfBoardsAppUITests.framework; sourceTree = BUILT_PRODUCTS_DIR; };
		B45EE2329B0C1EB8B0FC5AC3 /* Pods-MySurfBoardsAppTests.debug.xcconfig */ = {isa = PBXFileReference; includeInIndex = 1; lastKnownFileType = text.xcconfig; name = "Pods-MySurfBoardsAppTests.debug.xcconfig"; path = "Target Support Files/Pods-MySurfBoardsAppTests/Pods-MySurfBoardsAppTests.debug.xcconfig"; sourceTree = "<group>"; };
		FE7E34191BE97C986886B27C /* Pods-MySurfBoardsApp.release.xcconfig */ = {isa = PBXFileReference; includeInIndex = 1; lastKnownFileType = text.xcconfig; name = "Pods-MySurfBoardsApp.release.xcconfig"; path = "Target Support Files/Pods-MySurfBoardsApp/Pods-MySurfBoardsApp.release.xcconfig"; sourceTree = "<group>"; };
/* End PBXFileReference section */

/* Begin PBXFrameworksBuildPhase section */
		0DE947BA274352CA001FE618 /* Frameworks */ = {
			isa = PBXFrameworksBuildPhase;
			buildActionMask = 2147483647;
			files = (
				ADDF5DC304A7DF31F9689F7C /* Pods_MySurfBoardsApp.framework in Frameworks */,
			);
			runOnlyForDeploymentPostprocessing = 0;
		};
		0DE947D2274352CA001FE618 /* Frameworks */ = {
			isa = PBXFrameworksBuildPhase;
			buildActionMask = 2147483647;
			files = (
				D2A90BE448F8C1BD7632A6A0 /* Pods_MySurfBoardsAppTests.framework in Frameworks */,
			);
			runOnlyForDeploymentPostprocessing = 0;
		};
		0DE947DD274352CB001FE618 /* Frameworks */ = {
			isa = PBXFrameworksBuildPhase;
			buildActionMask = 2147483647;
			files = (
				F39107D85E195DA7A130AFDF /* Pods_MySurfBoardsApp_MySurfBoardsAppUITests.framework in Frameworks */,
			);
			runOnlyForDeploymentPostprocessing = 0;
		};
/* End PBXFrameworksBuildPhase section */

/* Begin PBXGroup section */
		0DE947B4274352CA001FE618 = {
			isa = PBXGroup;
			children = (
				0DE947BF274352CA001FE618 /* MySurfBoardsApp */,
				0DE947D8274352CA001FE618 /* MySurfBoardsAppTests */,
				0DE947E3274352CB001FE618 /* MySurfBoardsAppUITests */,
				0DE947BE274352CA001FE618 /* Products */,
				E12A686A2679F34F07CC1A03 /* Pods */,
				FD209FE47DFEF1E6A32C067A /* Frameworks */,
			);
			sourceTree = "<group>";
		};
		0DE947BE274352CA001FE618 /* Products */ = {
			isa = PBXGroup;
			children = (
				0DE947BD274352CA001FE618 /* MySurfBoardsApp.app */,
				0DE947D5274352CA001FE618 /* MySurfBoardsAppTests.xctest */,
				0DE947E0274352CB001FE618 /* MySurfBoardsAppUITests.xctest */,
			);
			name = Products;
			sourceTree = "<group>";
		};
		0DE947BF274352CA001FE618 /* MySurfBoardsApp */ = {
			isa = PBXGroup;
			children = (
				3FF13426275F932200C235C5 /* GoogleService-Info.plist */,
				3FD53C51275CC62400D7D64B /* MySurfBoardsApp.entitlements */,
				0DE947C0274352CA001FE618 /* AppDelegate.h */,
				0DE947C1274352CA001FE618 /* AppDelegate.m */,
				0DE947C3274352CA001FE618 /* ViewController.h */,
				0DE947C4274352CA001FE618 /* ViewController.m */,
				0DE947C6274352CA001FE618 /* Main.storyboard */,
				0D222DE727487A9C009DBE80 /* TableViewControllerReviews.h */,
				0D222DE827487A9C009DBE80 /* TableViewControllerReviews.m */,
				0D35E3022747865700B91117 /* ViewController_Review.h */,
				0D35E3032747865700B91117 /* ViewController_Review.m */,
				0D35E2FF274785A000B91117 /* ViewController_Update_Boards.h */,
				0D35E300274785A000B91117 /* ViewController_Update_Boards.m */,
				0D35E2FC2747851B00B91117 /* TableViewController_My_boards.h */,
				0D35E2FD2747851B00B91117 /* TableViewController_My_boards.m */,
				0D35E2F9274782E100B91117 /* ViewController_Create_New.h */,
				0D35E2FA274782E100B91117 /* ViewController_Create_New.m */,
				0D35E2F62747828E00B91117 /* ViewController_Volume_Calculator.h */,
				0D35E2F72747828E00B91117 /* ViewController_Volume_Calculator.m */,
				0D35E2F32747823D00B91117 /* ViewController_Home_Menu.h */,
				0D35E2F42747823D00B91117 /* ViewController_Home_Menu.m */,
				0D35E2F02747819300B91117 /* ViewController_SIgn_In.h */,
				0D35E2F12747819300B91117 /* ViewController_SIgn_In.m */,
				0DE947C9274352CA001FE618 /* Assets.xcassets */,
				0DE947CB274352CA001FE618 /* LaunchScreen.storyboard */,
				0DE947CE274352CA001FE618 /* Info.plist */,
				0DE947CF274352CA001FE618 /* main.m */,
			);
			path = MySurfBoardsApp;
			sourceTree = "<group>";
		};
		0DE947D8274352CA001FE618 /* MySurfBoardsAppTests */ = {
			isa = PBXGroup;
			children = (
				0DE947D9274352CA001FE618 /* MySurfBoardsAppTests.m */,
				0DE947DB274352CA001FE618 /* Info.plist */,
			);
			path = MySurfBoardsAppTests;
			sourceTree = "<group>";
		};
		0DE947E3274352CB001FE618 /* MySurfBoardsAppUITests */ = {
			isa = PBXGroup;
			children = (
				0DE947E4274352CB001FE618 /* MySurfBoardsAppUITests.m */,
				0DE947E6274352CB001FE618 /* Info.plist */,
			);
			path = MySurfBoardsAppUITests;
			sourceTree = "<group>";
		};
		E12A686A2679F34F07CC1A03 /* Pods */ = {
			isa = PBXGroup;
			children = (
				89BDB85760BDC7D188DE7032 /* Pods-MySurfBoardsApp.debug.xcconfig */,
				FE7E34191BE97C986886B27C /* Pods-MySurfBoardsApp.release.xcconfig */,
				47527F1908EB4359BCA5D80C /* Pods-MySurfBoardsApp-MySurfBoardsAppUITests.debug.xcconfig */,
				A359A772A56615B75FE5F358 /* Pods-MySurfBoardsApp-MySurfBoardsAppUITests.release.xcconfig */,
				B45EE2329B0C1EB8B0FC5AC3 /* Pods-MySurfBoardsAppTests.debug.xcconfig */,
				1AB455C66AF97F998BFED320 /* Pods-MySurfBoardsAppTests.release.xcconfig */,
			);
			path = Pods;
			sourceTree = "<group>";
		};
		FD209FE47DFEF1E6A32C067A /* Frameworks */ = {
			isa = PBXGroup;
			children = (
				8993B339B49CD86C0829F199 /* Pods_MySurfBoardsApp.framework */,
				AF1AA4F1899BEDF4566BA3B7 /* Pods_MySurfBoardsApp_MySurfBoardsAppUITests.framework */,
				0AF9A1B46CC05EBC8B8EBFDF /* Pods_MySurfBoardsAppTests.framework */,
			);
			name = Frameworks;
			sourceTree = "<group>";
		};
/* End PBXGroup section */

/* Begin PBXNativeTarget section */
		0DE947BC274352CA001FE618 /* MySurfBoardsApp */ = {
			isa = PBXNativeTarget;
			buildConfigurationList = 0DE947E9274352CB001FE618 /* Build configuration list for PBXNativeTarget "MySurfBoardsApp" */;
			buildPhases = (
				52C2031624C0D3F08AA08614 /* [CP] Check Pods Manifest.lock */,
				0DE947B9274352CA001FE618 /* Sources */,
				0DE947BA274352CA001FE618 /* Frameworks */,
				0DE947BB274352CA001FE618 /* Resources */,
				D79953E43E01F56BCD91791F /* [CP] Embed Pods Frameworks */,
			);
			buildRules = (
			);
			dependencies = (
			);
			name = MySurfBoardsApp;
			productName = MySurfBoardsApp;
			productReference = 0DE947BD274352CA001FE618 /* MySurfBoardsApp.app */;
			productType = "com.apple.product-type.application";
		};
		0DE947D4274352CA001FE618 /* MySurfBoardsAppTests */ = {
			isa = PBXNativeTarget;
			buildConfigurationList = 0DE947EC274352CB001FE618 /* Build configuration list for PBXNativeTarget "MySurfBoardsAppTests" */;
			buildPhases = (
				B7A9DB1742CBAE1F4D298496 /* [CP] Check Pods Manifest.lock */,
				0DE947D1274352CA001FE618 /* Sources */,
				0DE947D2274352CA001FE618 /* Frameworks */,
				0DE947D3274352CA001FE618 /* Resources */,
			);
			buildRules = (
			);
			dependencies = (
				0DE947D7274352CA001FE618 /* PBXTargetDependency */,
			);
			name = MySurfBoardsAppTests;
			productName = MySurfBoardsAppTests;
			productReference = 0DE947D5274352CA001FE618 /* MySurfBoardsAppTests.xctest */;
			productType = "com.apple.product-type.bundle.unit-test";
		};
		0DE947DF274352CB001FE618 /* MySurfBoardsAppUITests */ = {
			isa = PBXNativeTarget;
			buildConfigurationList = 0DE947EF274352CB001FE618 /* Build configuration list for PBXNativeTarget "MySurfBoardsAppUITests" */;
			buildPhases = (
				E4D3F03D3097FB5F152C9E44 /* [CP] Check Pods Manifest.lock */,
				0DE947DC274352CB001FE618 /* Sources */,
				0DE947DD274352CB001FE618 /* Frameworks */,
				0DE947DE274352CB001FE618 /* Resources */,
				788E811C2F36EF0936026B87 /* [CP] Embed Pods Frameworks */,
			);
			buildRules = (
			);
			dependencies = (
				0DE947E2274352CB001FE618 /* PBXTargetDependency */,
			);
			name = MySurfBoardsAppUITests;
			productName = MySurfBoardsAppUITests;
			productReference = 0DE947E0274352CB001FE618 /* MySurfBoardsAppUITests.xctest */;
			productType = "com.apple.product-type.bundle.ui-testing";
		};
/* End PBXNativeTarget section */

/* Begin PBXProject section */
		0DE947B5274352CA001FE618 /* Project object */ = {
			isa = PBXProject;
			attributes = {
				LastUpgradeCheck = 1240;
				ORGANIZATIONNAME = juan;
				TargetAttributes = {
					0DE947BC274352CA001FE618 = {
						CreatedOnToolsVersion = 9.2;
						ProvisioningStyle = Automatic;
					};
					0DE947D4274352CA001FE618 = {
						CreatedOnToolsVersion = 9.2;
						ProvisioningStyle = Automatic;
						TestTargetID = 0DE947BC274352CA001FE618;
					};
					0DE947DF274352CB001FE618 = {
						CreatedOnToolsVersion = 9.2;
						ProvisioningStyle = Automatic;
						TestTargetID = 0DE947BC274352CA001FE618;
					};
				};
			};
			buildConfigurationList = 0DE947B8274352CA001FE618 /* Build configuration list for PBXProject "MySurfBoardsApp" */;
			compatibilityVersion = "Xcode 8.0";
			developmentRegion = en;
			hasScannedForEncodings = 0;
			knownRegions = (
				en,
				Base,
			);
			mainGroup = 0DE947B4274352CA001FE618;
			productRefGroup = 0DE947BE274352CA001FE618 /* Products */;
			projectDirPath = "";
			projectRoot = "";
			targets = (
				0DE947BC274352CA001FE618 /* MySurfBoardsApp */,
				0DE947D4274352CA001FE618 /* MySurfBoardsAppTests */,
				0DE947DF274352CB001FE618 /* MySurfBoardsAppUITests */,
			);
		};
/* End PBXProject section */

/* Begin PBXResourcesBuildPhase section */
		0DE947BB274352CA001FE618 /* Resources */ = {
			isa = PBXResourcesBuildPhase;
			buildActionMask = 2147483647;
			files = (
				0DE947CD274352CA001FE618 /* LaunchScreen.storyboard in Resources */,
				3FF13427275F932200C235C5 /* GoogleService-Info.plist in Resources */,
				0DE947CA274352CA001FE618 /* Assets.xcassets in Resources */,
				0DE947C8274352CA001FE618 /* Main.storyboard in Resources */,
			);
			runOnlyForDeploymentPostprocessing = 0;
		};
		0DE947D3274352CA001FE618 /* Resources */ = {
			isa = PBXResourcesBuildPhase;
			buildActionMask = 2147483647;
			files = (
			);
			runOnlyForDeploymentPostprocessing = 0;
		};
		0DE947DE274352CB001FE618 /* Resources */ = {
			isa = PBXResourcesBuildPhase;
			buildActionMask = 2147483647;
			files = (
			);
			runOnlyForDeploymentPostprocessing = 0;
		};
/* End PBXResourcesBuildPhase section */

/* Begin PBXShellScriptBuildPhase section */
		52C2031624C0D3F08AA08614 /* [CP] Check Pods Manifest.lock */ = {
			isa = PBXShellScriptBuildPhase;
			buildActionMask = 2147483647;
			files = (
			);
			inputFileListPaths = (
			);
			inputPaths = (
				"${PODS_PODFILE_DIR_PATH}/Podfile.lock",
				"${PODS_ROOT}/Manifest.lock",
			);
			name = "[CP] Check Pods Manifest.lock";
			outputFileListPaths = (
			);
			outputPaths = (
				"$(DERIVED_FILE_DIR)/Pods-MySurfBoardsApp-checkManifestLockResult.txt",
			);
			runOnlyForDeploymentPostprocessing = 0;
			shellPath = /bin/sh;
			shellScript = "diff \"${PODS_PODFILE_DIR_PATH}/Podfile.lock\" \"${PODS_ROOT}/Manifest.lock\" > /dev/null\nif [ $? != 0 ] ; then\n    # print error to STDERR\n    echo \"error: The sandbox is not in sync with the Podfile.lock. Run 'pod install' or update your CocoaPods installation.\" >&2\n    exit 1\nfi\n# This output is used by Xcode 'outputs' to avoid re-running this script phase.\necho \"SUCCESS\" > \"${SCRIPT_OUTPUT_FILE_0}\"\n";
			showEnvVarsInLog = 0;
		};
		788E811C2F36EF0936026B87 /* [CP] Embed Pods Frameworks */ = {
			isa = PBXShellScriptBuildPhase;
			buildActionMask = 2147483647;
			files = (
			);
			inputPaths = (
				"${PODS_ROOT}/Target Support Files/Pods-MySurfBoardsApp-MySurfBoardsAppUITests/Pods-MySurfBoardsApp-MySurfBoardsAppUITests-frameworks.sh",
				"${BUILT_PRODUCTS_DIR}/BoringSSL-GRPC/openssl_grpc.framework",
				"${BUILT_PRODUCTS_DIR}/FirebaseAuth/FirebaseAuth.framework",
				"${BUILT_PRODUCTS_DIR}/FirebaseCore/FirebaseCore.framework",
				"${BUILT_PRODUCTS_DIR}/FirebaseCoreDiagnostics/FirebaseCoreDiagnostics.framework",
				"${BUILT_PRODUCTS_DIR}/FirebaseFirestore/FirebaseFirestore.framework",
				"${BUILT_PRODUCTS_DIR}/FirebaseInstallations/FirebaseInstallations.framework",
				"${BUILT_PRODUCTS_DIR}/GTMSessionFetcher/GTMSessionFetcher.framework",
				"${BUILT_PRODUCTS_DIR}/GoogleDataTransport/GoogleDataTransport.framework",
				"${BUILT_PRODUCTS_DIR}/GoogleUtilities/GoogleUtilities.framework",
				"${BUILT_PRODUCTS_DIR}/PromisesObjC/FBLPromises.framework",
				"${BUILT_PRODUCTS_DIR}/abseil/absl.framework",
				"${BUILT_PRODUCTS_DIR}/gRPC-C++/grpcpp.framework",
				"${BUILT_PRODUCTS_DIR}/gRPC-Core/grpc.framework",
				"${BUILT_PRODUCTS_DIR}/leveldb-library/leveldb.framework",
				"${BUILT_PRODUCTS_DIR}/nanopb/nanopb.framework",
			);
			name = "[CP] Embed Pods Frameworks";
			outputPaths = (
				"${TARGET_BUILD_DIR}/${FRAMEWORKS_FOLDER_PATH}/openssl_grpc.framework",
				"${TARGET_BUILD_DIR}/${FRAMEWORKS_FOLDER_PATH}/FirebaseAuth.framework",
				"${TARGET_BUILD_DIR}/${FRAMEWORKS_FOLDER_PATH}/FirebaseCore.framework",
				"${TARGET_BUILD_DIR}/${FRAMEWORKS_FOLDER_PATH}/FirebaseCoreDiagnostics.framework",
				"${TARGET_BUILD_DIR}/${FRAMEWORKS_FOLDER_PATH}/FirebaseFirestore.framework",
				"${TARGET_BUILD_DIR}/${FRAMEWORKS_FOLDER_PATH}/FirebaseInstallations.framework",
				"${TARGET_BUILD_DIR}/${FRAMEWORKS_FOLDER_PATH}/GTMSessionFetcher.framework",
				"${TARGET_BUILD_DIR}/${FRAMEWORKS_FOLDER_PATH}/GoogleDataTransport.framework",
				"${TARGET_BUILD_DIR}/${FRAMEWORKS_FOLDER_PATH}/GoogleUtilities.framework",
				"${TARGET_BUILD_DIR}/${FRAMEWORKS_FOLDER_PATH}/FBLPromises.framework",
				"${TARGET_BUILD_DIR}/${FRAMEWORKS_FOLDER_PATH}/absl.framework",
				"${TARGET_BUILD_DIR}/${FRAMEWORKS_FOLDER_PATH}/grpcpp.framework",
				"${TARGET_BUILD_DIR}/${FRAMEWORKS_FOLDER_PATH}/grpc.framework",
				"${TARGET_BUILD_DIR}/${FRAMEWORKS_FOLDER_PATH}/leveldb.framework",
				"${TARGET_BUILD_DIR}/${FRAMEWORKS_FOLDER_PATH}/nanopb.framework",
			);
			runOnlyForDeploymentPostprocessing = 0;
			shellPath = /bin/sh;
			shellScript = "\"${PODS_ROOT}/Target Support Files/Pods-MySurfBoardsApp-MySurfBoardsAppUITests/Pods-MySurfBoardsApp-MySurfBoardsAppUITests-frameworks.sh\"\n";
			showEnvVarsInLog = 0;
		};
		B7A9DB1742CBAE1F4D298496 /* [CP] Check Pods Manifest.lock */ = {
			isa = PBXShellScriptBuildPhase;
			buildActionMask = 2147483647;
			files = (
			);
			inputFileListPaths = (
			);
			inputPaths = (
				"${PODS_PODFILE_DIR_PATH}/Podfile.lock",
				"${PODS_ROOT}/Manifest.lock",
			);
			name = "[CP] Check Pods Manifest.lock";
			outputFileListPaths = (
			);
			outputPaths = (
				"$(DERIVED_FILE_DIR)/Pods-MySurfBoardsAppTests-checkManifestLockResult.txt",
			);
			runOnlyForDeploymentPostprocessing = 0;
			shellPath = /bin/sh;
			shellScript = "diff \"${PODS_PODFILE_DIR_PATH}/Podfile.lock\" \"${PODS_ROOT}/Manifest.lock\" > /dev/null\nif [ $? != 0 ] ; then\n    # print error to STDERR\n    echo \"error: The sandbox is not in sync with the Podfile.lock. Run 'pod install' or update your CocoaPods installation.\" >&2\n    exit 1\nfi\n# This output is used by Xcode 'outputs' to avoid re-running this script phase.\necho \"SUCCESS\" > \"${SCRIPT_OUTPUT_FILE_0}\"\n";
			showEnvVarsInLog = 0;
		};
		D79953E43E01F56BCD91791F /* [CP] Embed Pods Frameworks */ = {
			isa = PBXShellScriptBuildPhase;
			buildActionMask = 2147483647;
			files = (
			);
			inputPaths = (
				"${PODS_ROOT}/Target Support Files/Pods-MySurfBoardsApp/Pods-MySurfBoardsApp-frameworks.sh",
				"${BUILT_PRODUCTS_DIR}/BoringSSL-GRPC/openssl_grpc.framework",
				"${BUILT_PRODUCTS_DIR}/FirebaseAuth/FirebaseAuth.framework",
				"${BUILT_PRODUCTS_DIR}/FirebaseCore/FirebaseCore.framework",
				"${BUILT_PRODUCTS_DIR}/FirebaseCoreDiagnostics/FirebaseCoreDiagnostics.framework",
				"${BUILT_PRODUCTS_DIR}/FirebaseFirestore/FirebaseFirestore.framework",
				"${BUILT_PRODUCTS_DIR}/FirebaseInstallations/FirebaseInstallations.framework",
				"${BUILT_PRODUCTS_DIR}/GTMSessionFetcher/GTMSessionFetcher.framework",
				"${BUILT_PRODUCTS_DIR}/GoogleDataTransport/GoogleDataTransport.framework",
				"${BUILT_PRODUCTS_DIR}/GoogleUtilities/GoogleUtilities.framework",
				"${BUILT_PRODUCTS_DIR}/PromisesObjC/FBLPromises.framework",
				"${BUILT_PRODUCTS_DIR}/abseil/absl.framework",
				"${BUILT_PRODUCTS_DIR}/gRPC-C++/grpcpp.framework",
				"${BUILT_PRODUCTS_DIR}/gRPC-Core/grpc.framework",
				"${BUILT_PRODUCTS_DIR}/leveldb-library/leveldb.framework",
				"${BUILT_PRODUCTS_DIR}/nanopb/nanopb.framework",
			);
			name = "[CP] Embed Pods Frameworks";
			outputPaths = (
				"${TARGET_BUILD_DIR}/${FRAMEWORKS_FOLDER_PATH}/openssl_grpc.framework",
				"${TARGET_BUILD_DIR}/${FRAMEWORKS_FOLDER_PATH}/FirebaseAuth.framework",
				"${TARGET_BUILD_DIR}/${FRAMEWORKS_FOLDER_PATH}/FirebaseCore.framework",
				"${TARGET_BUILD_DIR}/${FRAMEWORKS_FOLDER_PATH}/FirebaseCoreDiagnostics.framework",
				"${TARGET_BUILD_DIR}/${FRAMEWORKS_FOLDER_PATH}/FirebaseFirestore.framework",
				"${TARGET_BUILD_DIR}/${FRAMEWORKS_FOLDER_PATH}/FirebaseInstallations.framework",
				"${TARGET_BUILD_DIR}/${FRAMEWORKS_FOLDER_PATH}/GTMSessionFetcher.framework",
				"${TARGET_BUILD_DIR}/${FRAMEWORKS_FOLDER_PATH}/GoogleDataTransport.framework",
				"${TARGET_BUILD_DIR}/${FRAMEWORKS_FOLDER_PATH}/GoogleUtilities.framework",
				"${TARGET_BUILD_DIR}/${FRAMEWORKS_FOLDER_PATH}/FBLPromises.framework",
				"${TARGET_BUILD_DIR}/${FRAMEWORKS_FOLDER_PATH}/absl.framework",
				"${TARGET_BUILD_DIR}/${FRAMEWORKS_FOLDER_PATH}/grpcpp.framework",
				"${TARGET_BUILD_DIR}/${FRAMEWORKS_FOLDER_PATH}/grpc.framework",
				"${TARGET_BUILD_DIR}/${FRAMEWORKS_FOLDER_PATH}/leveldb.framework",
				"${TARGET_BUILD_DIR}/${FRAMEWORKS_FOLDER_PATH}/nanopb.framework",
			);
			runOnlyForDeploymentPostprocessing = 0;
			shellPath = /bin/sh;
			shellScript = "\"${PODS_ROOT}/Target Support Files/Pods-MySurfBoardsApp/Pods-MySurfBoardsApp-frameworks.sh\"\n";
			showEnvVarsInLog = 0;
		};
		E4D3F03D3097FB5F152C9E44 /* [CP] Check Pods Manifest.lock */ = {
			isa = PBXShellScriptBuildPhase;
			buildActionMask = 2147483647;
			files = (
			);
			inputFileListPaths = (
			);
			inputPaths = (
				"${PODS_PODFILE_DIR_PATH}/Podfile.lock",
				"${PODS_ROOT}/Manifest.lock",
			);
			name = "[CP] Check Pods Manifest.lock";
			outputFileListPaths = (
			);
			outputPaths = (
				"$(DERIVED_FILE_DIR)/Pods-MySurfBoardsApp-MySurfBoardsAppUITests-checkManifestLockResult.txt",
			);
			runOnlyForDeploymentPostprocessing = 0;
			shellPath = /bin/sh;
			shellScript = "diff \"${PODS_PODFILE_DIR_PATH}/Podfile.lock\" \"${PODS_ROOT}/Manifest.lock\" > /dev/null\nif [ $? != 0 ] ; then\n    # print error to STDERR\n    echo \"error: The sandbox is not in sync with the Podfile.lock. Run 'pod install' or update your CocoaPods installation.\" >&2\n    exit 1\nfi\n# This output is used by Xcode 'outputs' to avoid re-running this script phase.\necho \"SUCCESS\" > \"${SCRIPT_OUTPUT_FILE_0}\"\n";
			showEnvVarsInLog = 0;
		};
/* End PBXShellScriptBuildPhase section */

/* Begin PBXSourcesBuildPhase section */
		0DE947B9274352CA001FE618 /* Sources */ = {
			isa = PBXSourcesBuildPhase;
			buildActionMask = 2147483647;
			files = (
				0D35E301274785A000B91117 /* ViewController_Update_Boards.m in Sources */,
				0D35E2FE2747851B00B91117 /* TableViewController_My_boards.m in Sources */,
				0D222DE927487A9C009DBE80 /* TableViewControllerReviews.m in Sources */,
				0D35E2F22747819300B91117 /* ViewController_SIgn_In.m in Sources */,
				0DE947C5274352CA001FE618 /* ViewController.m in Sources */,
				0D35E2FB274782E100B91117 /* ViewController_Create_New.m in Sources */,
				0DE947D0274352CA001FE618 /* main.m in Sources */,
				0D35E3042747865700B91117 /* ViewController_Review.m in Sources */,
				0DE947C2274352CA001FE618 /* AppDelegate.m in Sources */,
				0D35E2F82747828E00B91117 /* ViewController_Volume_Calculator.m in Sources */,
				0D35E2F52747823D00B91117 /* ViewController_Home_Menu.m in Sources */,
			);
			runOnlyForDeploymentPostprocessing = 0;
		};
		0DE947D1274352CA001FE618 /* Sources */ = {
			isa = PBXSourcesBuildPhase;
			buildActionMask = 2147483647;
			files = (
				0DE947DA274352CA001FE618 /* MySurfBoardsAppTests.m in Sources */,
			);
			runOnlyForDeploymentPostprocessing = 0;
		};
		0DE947DC274352CB001FE618 /* Sources */ = {
			isa = PBXSourcesBuildPhase;
			buildActionMask = 2147483647;
			files = (
				0DE947E5274352CB001FE618 /* MySurfBoardsAppUITests.m in Sources */,
			);
			runOnlyForDeploymentPostprocessing = 0;
		};
/* End PBXSourcesBuildPhase section */

/* Begin PBXTargetDependency section */
		0DE947D7274352CA001FE618 /* PBXTargetDependency */ = {
			isa = PBXTargetDependency;
			target = 0DE947BC274352CA001FE618 /* MySurfBoardsApp */;
			targetProxy = 0DE947D6274352CA001FE618 /* PBXContainerItemProxy */;
		};
		0DE947E2274352CB001FE618 /* PBXTargetDependency */ = {
			isa = PBXTargetDependency;
			target = 0DE947BC274352CA001FE618 /* MySurfBoardsApp */;
			targetProxy = 0DE947E1274352CB001FE618 /* PBXContainerItemProxy */;
		};
/* End PBXTargetDependency section */

/* Begin PBXVariantGroup section */
		0DE947C6274352CA001FE618 /* Main.storyboard */ = {
			isa = PBXVariantGroup;
			children = (
				0DE947C7274352CA001FE618 /* Base */,
			);
			name = Main.storyboard;
			sourceTree = "<group>";
		};
		0DE947CB274352CA001FE618 /* LaunchScreen.storyboard */ = {
			isa = PBXVariantGroup;
			children = (
				0DE947CC274352CA001FE618 /* Base */,
			);
			name = LaunchScreen.storyboard;
			sourceTree = "<group>";
		};
/* End PBXVariantGroup section */

/* Begin XCBuildConfiguration section */
		0DE947E7274352CB001FE618 /* Debug */ = {
			isa = XCBuildConfiguration;
			buildSettings = {
				ALWAYS_SEARCH_USER_PATHS = NO;
				CLANG_ANALYZER_NONNULL = YES;
				CLANG_ANALYZER_NUMBER_OBJECT_CONVERSION = YES_AGGRESSIVE;
				CLANG_CXX_LANGUAGE_STANDARD = "gnu++14";
				CLANG_CXX_LIBRARY = "libc++";
				CLANG_ENABLE_MODULES = YES;
				CLANG_ENABLE_OBJC_ARC = YES;
				CLANG_WARN_BLOCK_CAPTURE_AUTORELEASING = YES;
				CLANG_WARN_BOOL_CONVERSION = YES;
				CLANG_WARN_COMMA = YES;
				CLANG_WARN_CONSTANT_CONVERSION = YES;
				CLANG_WARN_DEPRECATED_OBJC_IMPLEMENTATIONS = YES;
				CLANG_WARN_DIRECT_OBJC_ISA_USAGE = YES_ERROR;
				CLANG_WARN_DOCUMENTATION_COMMENTS = YES;
				CLANG_WARN_EMPTY_BODY = YES;
				CLANG_WARN_ENUM_CONVERSION = YES;
				CLANG_WARN_INFINITE_RECURSION = YES;
				CLANG_WARN_INT_CONVERSION = YES;
				CLANG_WARN_NON_LITERAL_NULL_CONVERSION = YES;
				CLANG_WARN_OBJC_IMPLICIT_RETAIN_SELF = YES;
				CLANG_WARN_OBJC_LITERAL_CONVERSION = YES;
				CLANG_WARN_OBJC_ROOT_CLASS = YES_ERROR;
				CLANG_WARN_QUOTED_INCLUDE_IN_FRAMEWORK_HEADER = YES;
				CLANG_WARN_RANGE_LOOP_ANALYSIS = YES;
				CLANG_WARN_STRICT_PROTOTYPES = YES;
				CLANG_WARN_SUSPICIOUS_MOVE = YES;
				CLANG_WARN_UNGUARDED_AVAILABILITY = YES_AGGRESSIVE;
				CLANG_WARN_UNREACHABLE_CODE = YES;
				CLANG_WARN__DUPLICATE_METHOD_MATCH = YES;
				CODE_SIGN_IDENTITY = "iPhone Developer";
				COPY_PHASE_STRIP = NO;
				DEBUG_INFORMATION_FORMAT = dwarf;
				ENABLE_STRICT_OBJC_MSGSEND = YES;
				ENABLE_TESTABILITY = YES;
				GCC_C_LANGUAGE_STANDARD = gnu11;
				GCC_DYNAMIC_NO_PIC = NO;
				GCC_NO_COMMON_BLOCKS = YES;
				GCC_OPTIMIZATION_LEVEL = 0;
				GCC_PREPROCESSOR_DEFINITIONS = (
					"DEBUG=1",
					"$(inherited)",
				);
				GCC_WARN_64_TO_32_BIT_CONVERSION = YES;
				GCC_WARN_ABOUT_RETURN_TYPE = YES_ERROR;
				GCC_WARN_UNDECLARED_SELECTOR = YES;
				GCC_WARN_UNINITIALIZED_AUTOS = YES_AGGRESSIVE;
				GCC_WARN_UNUSED_FUNCTION = YES;
				GCC_WARN_UNUSED_VARIABLE = YES;
				IPHONEOS_DEPLOYMENT_TARGET = 12.0;
				MTL_ENABLE_DEBUG_INFO = YES;
				ONLY_ACTIVE_ARCH = YES;
				SDKROOT = iphoneos;
			};
			name = Debug;
		};
		0DE947E8274352CB001FE618 /* Release */ = {
			isa = XCBuildConfiguration;
			buildSettings = {
				ALWAYS_SEARCH_USER_PATHS = NO;
				CLANG_ANALYZER_NONNULL = YES;
				CLANG_ANALYZER_NUMBER_OBJECT_CONVERSION = YES_AGGRESSIVE;
				CLANG_CXX_LANGUAGE_STANDARD = "gnu++14";
				CLANG_CXX_LIBRARY = "libc++";
				CLANG_ENABLE_MODULES = YES;
				CLANG_ENABLE_OBJC_ARC = YES;
				CLANG_WARN_BLOCK_CAPTURE_AUTORELEASING = YES;
				CLANG_WARN_BOOL_CONVERSION = YES;
				CLANG_WARN_COMMA = YES;
				CLANG_WARN_CONSTANT_CONVERSION = YES;
				CLANG_WARN_DEPRECATED_OBJC_IMPLEMENTATIONS = YES;
				CLANG_WARN_DIRECT_OBJC_ISA_USAGE = YES_ERROR;
				CLANG_WARN_DOCUMENTATION_COMMENTS = YES;
				CLANG_WARN_EMPTY_BODY = YES;
				CLANG_WARN_ENUM_CONVERSION = YES;
				CLANG_WARN_INFINITE_RECURSION = YES;
				CLANG_WARN_INT_CONVERSION = YES;
				CLANG_WARN_NON_LITERAL_NULL_CONVERSION = YES;
				CLANG_WARN_OBJC_IMPLICIT_RETAIN_SELF = YES;
				CLANG_WARN_OBJC_LITERAL_CONVERSION = YES;
				CLANG_WARN_OBJC_ROOT_CLASS = YES_ERROR;
				CLANG_WARN_QUOTED_INCLUDE_IN_FRAMEWORK_HEADER = YES;
				CLANG_WARN_RANGE_LOOP_ANALYSIS = YES;
				CLANG_WARN_STRICT_PROTOTYPES = YES;
				CLANG_WARN_SUSPICIOUS_MOVE = YES;
				CLANG_WARN_UNGUARDED_AVAILABILITY = YES_AGGRESSIVE;
				CLANG_WARN_UNREACHABLE_CODE = YES;
				CLANG_WARN__DUPLICATE_METHOD_MATCH = YES;
				CODE_SIGN_IDENTITY = "iPhone Developer";
				COPY_PHASE_STRIP = NO;
				DEBUG_INFORMATION_FORMAT = "dwarf-with-dsym";
				ENABLE_NS_ASSERTIONS = NO;
				ENABLE_STRICT_OBJC_MSGSEND = YES;
				GCC_C_LANGUAGE_STANDARD = gnu11;
				GCC_NO_COMMON_BLOCKS = YES;
				GCC_WARN_64_TO_32_BIT_CONVERSION = YES;
				GCC_WARN_ABOUT_RETURN_TYPE = YES_ERROR;
				GCC_WARN_UNDECLARED_SELECTOR = YES;
				GCC_WARN_UNINITIALIZED_AUTOS = YES_AGGRESSIVE;
				GCC_WARN_UNUSED_FUNCTION = YES;
				GCC_WARN_UNUSED_VARIABLE = YES;
				IPHONEOS_DEPLOYMENT_TARGET = 12.0;
				MTL_ENABLE_DEBUG_INFO = NO;
				SDKROOT = iphoneos;
				VALIDATE_PRODUCT = YES;
			};
			name = Release;
		};
		0DE947EA274352CB001FE618 /* Debug */ = {
			isa = XCBuildConfiguration;
			baseConfigurationReference = 89BDB85760BDC7D188DE7032 /* Pods-MySurfBoardsApp.debug.xcconfig */;
			buildSettings = {
				ASSETCATALOG_COMPILER_APPICON_NAME = AppIcon;
				CODE_SIGN_ENTITLEMENTS = MySurfBoardsApp/MySurfBoardsApp.entitlements;
				CODE_SIGN_IDENTITY = "Apple Development";
				CODE_SIGN_STYLE = Automatic;
				DEVELOPMENT_TEAM = "";
				INFOPLIST_FILE = MySurfBoardsApp/Info.plist;
				LD_RUNPATH_SEARCH_PATHS = "$(inherited) @executable_path/Frameworks";
				PRODUCT_BUNDLE_IDENTIFIER = juan.MySurfBoardsApp;
				PRODUCT_NAME = "$(TARGET_NAME)";
				PROVISIONING_PROFILE_SPECIFIER = "";
				TARGETED_DEVICE_FAMILY = "1,2";
			};
			name = Debug;
		};
		0DE947EB274352CB001FE618 /* Release */ = {
			isa = XCBuildConfiguration;
			baseConfigurationReference = FE7E34191BE97C986886B27C /* Pods-MySurfBoardsApp.release.xcconfig */;
			buildSettings = {
				ASSETCATALOG_COMPILER_APPICON_NAME = AppIcon;
				CODE_SIGN_ENTITLEMENTS = MySurfBoardsApp/MySurfBoardsApp.entitlements;
				CODE_SIGN_IDENTITY = "Apple Development";
				CODE_SIGN_STYLE = Automatic;
				DEVELOPMENT_TEAM = "";
				INFOPLIST_FILE = MySurfBoardsApp/Info.plist;
				LD_RUNPATH_SEARCH_PATHS = "$(inherited) @executable_path/Frameworks";
				PRODUCT_BUNDLE_IDENTIFIER = juan.MySurfBoardsApp;
				PRODUCT_NAME = "$(TARGET_NAME)";
				PROVISIONING_PROFILE_SPECIFIER = "";
				TARGETED_DEVICE_FAMILY = "1,2";
			};
			name = Release;
		};
		0DE947ED274352CB001FE618 /* Debug */ = {
			isa = XCBuildConfiguration;
			baseConfigurationReference = B45EE2329B0C1EB8B0FC5AC3 /* Pods-MySurfBoardsAppTests.debug.xcconfig */;
			buildSettings = {
				BUNDLE_LOADER = "$(TEST_HOST)";
				CODE_SIGN_STYLE = Automatic;
				INFOPLIST_FILE = MySurfBoardsAppTests/Info.plist;
				LD_RUNPATH_SEARCH_PATHS = "$(inherited) @executable_path/Frameworks @loader_path/Frameworks";
				PRODUCT_BUNDLE_IDENTIFIER = juan.MySurfBoardsAppTests;
				PRODUCT_NAME = "$(TARGET_NAME)";
				TARGETED_DEVICE_FAMILY = "1,2";
				TEST_HOST = "$(BUILT_PRODUCTS_DIR)/MySurfBoardsApp.app/MySurfBoardsApp";
			};
			name = Debug;
		};
		0DE947EE274352CB001FE618 /* Release */ = {
			isa = XCBuildConfiguration;
			baseConfigurationReference = 1AB455C66AF97F998BFED320 /* Pods-MySurfBoardsAppTests.release.xcconfig */;
			buildSettings = {
				BUNDLE_LOADER = "$(TEST_HOST)";
				CODE_SIGN_STYLE = Automatic;
				INFOPLIST_FILE = MySurfBoardsAppTests/Info.plist;
				LD_RUNPATH_SEARCH_PATHS = "$(inherited) @executable_path/Frameworks @loader_path/Frameworks";
				PRODUCT_BUNDLE_IDENTIFIER = juan.MySurfBoardsAppTests;
				PRODUCT_NAME = "$(TARGET_NAME)";
				TARGETED_DEVICE_FAMILY = "1,2";
				TEST_HOST = "$(BUILT_PRODUCTS_DIR)/MySurfBoardsApp.app/MySurfBoardsApp";
			};
			name = Release;
		};
		0DE947F0274352CB001FE618 /* Debug */ = {
			isa = XCBuildConfiguration;
			baseConfigurationReference = 47527F1908EB4359BCA5D80C /* Pods-MySurfBoardsApp-MySurfBoardsAppUITests.debug.xcconfig */;
			buildSettings = {
				CODE_SIGN_STYLE = Automatic;
				INFOPLIST_FILE = MySurfBoardsAppUITests/Info.plist;
				LD_RUNPATH_SEARCH_PATHS = "$(inherited) @executable_path/Frameworks @loader_path/Frameworks";
				PRODUCT_BUNDLE_IDENTIFIER = juan.MySurfBoardsAppUITests;
				PRODUCT_NAME = "$(TARGET_NAME)";
				TARGETED_DEVICE_FAMILY = "1,2";
				TEST_TARGET_NAME = MySurfBoardsApp;
			};
			name = Debug;
		};
		0DE947F1274352CB001FE618 /* Release */ = {
			isa = XCBuildConfiguration;
			baseConfigurationReference = A359A772A56615B75FE5F358 /* Pods-MySurfBoardsApp-MySurfBoardsAppUITests.release.xcconfig */;
			buildSettings = {
				CODE_SIGN_STYLE = Automatic;
				INFOPLIST_FILE = MySurfBoardsAppUITests/Info.plist;
				LD_RUNPATH_SEARCH_PATHS = "$(inherited) @executable_path/Frameworks @loader_path/Frameworks";
				PRODUCT_BUNDLE_IDENTIFIER = juan.MySurfBoardsAppUITests;
				PRODUCT_NAME = "$(TARGET_NAME)";
				TARGETED_DEVICE_FAMILY = "1,2";
				TEST_TARGET_NAME = MySurfBoardsApp;
			};
			name = Release;
		};
/* End XCBuildConfiguration section */

/* Begin XCConfigurationList section */
		0DE947B8274352CA001FE618 /* Build configuration list for PBXProject "MySurfBoardsApp" */ = {
			isa = XCConfigurationList;
			buildConfigurations = (
				0DE947E7274352CB001FE618 /* Debug */,
				0DE947E8274352CB001FE618 /* Release */,
			);
			defaultConfigurationIsVisible = 0;
			defaultConfigurationName = Release;
		};
		0DE947E9274352CB001FE618 /* Build configuration list for PBXNativeTarget "MySurfBoardsApp" */ = {
			isa = XCConfigurationList;
			buildConfigurations = (
				0DE947EA274352CB001FE618 /* Debug */,
				0DE947EB274352CB001FE618 /* Release */,
			);
			defaultConfigurationIsVisible = 0;
			defaultConfigurationName = Release;
		};
		0DE947EC274352CB001FE618 /* Build configuration list for PBXNativeTarget "MySurfBoardsAppTests" */ = {
			isa = XCConfigurationList;
			buildConfigurations = (
				0DE947ED274352CB001FE618 /* Debug */,
				0DE947EE274352CB001FE618 /* Release */,
			);
			defaultConfigurationIsVisible = 0;
			defaultConfigurationName = Release;
		};
		0DE947EF274352CB001FE618 /* Build configuration list for PBXNativeTarget "MySurfBoardsAppUITests" */ = {
			isa = XCConfigurationList;
			buildConfigurations = (
				0DE947F0274352CB001FE618 /* Debug */,
				0DE947F1274352CB001FE618 /* Release */,
			);
			defaultConfigurationIsVisible = 0;
			defaultConfigurationName = Release;
		};
/* End XCConfigurationList section */
	};
	rootObject = 0DE947B5274352CA001FE618 /* Project object */;
}
